
Microsoft Visual Studio Solution File, Format Version 12.00
# Visual Studio Version 16
VisualStudioVersion = 16.0.29009.5
MinimumVisualStudioVersion = 10.0.40219.1
Project("{FAE04EC0-301F-11D3-BF4B-00C04F79EFBC}") = "SLT vehicle management system", "SLT vehicle management system\SLT vehicle management system.csproj", "{A9852B51-61C5-495C-A461-507E102B2D8C}"
EndProject
Global
	GlobalSection(SolutionConfigurationPlatforms) = preSolution
		Debug|Any CPU = Debug|Any CPU
		Release|Any CPU = Release|Any CPU
	EndGlobalSection
	GlobalSection(ProjectConfigurationPlatforms) = postSolution
		{A9852B51-61C5-495C-A461-507E102B2D8C}.Debug|Any CPU.ActiveCfg = Debug|Any CPU
		{A9852B51-61C5-495C-A461-507E102B2D8C}.Debug|Any CPU.Build.0 = Debug|Any CPU
		{A9852B51-61C5-495C-A461-507E102B2D8C}.Release|Any CPU.ActiveCfg = Release|Any CPU
		{A9852B51-61C5-495C-A461-507E102B2D8C}.Release|Any CPU.Build.0 = Release|Any CPU
	EndGlobalSection
	GlobalSection(SolutionProperties) = preSolution
		HideSolutionNode = FALSE
	EndGlobalSection
	GlobalSection(ExtensibilityGlobals) = postSolution
		SolutionGuid = {D6DAF028-EFB9-420A-96B6-AB3DAE754AA1}
	EndGlobalSection
EndGlobal
